
Microsoft Visual Studio Solution File, Format Version 12.00
# Visual Studio Version 16
VisualStudioVersion = 16.0.31624.102
MinimumVisualStudioVersion = 10.0.40219.1
Project("{F184B08F-C81C-45F6-A57F-5ABD9991F28F}") = "Q3_VB", "Q3_VB.vbproj", "{2E19B825-3751-4C87-A0F7-B885E245DFB8}"
EndProject
Global
	GlobalSection(SolutionConfigurationPlatforms) = preSolution
		Debug|Any CPU = Debug|Any CPU
		Release|Any CPU = Release|Any CPU
	EndGlobalSection
	GlobalSection(ProjectConfigurationPlatforms) = postSolution
		{2E19B825-3751-4C87-A0F7-B885E245DFB8}.Debug|Any CPU.ActiveCfg = Debug|Any CPU
		{2E19B825-3751-4C87-A0F7-B885E245DFB8}.Debug|Any CPU.Build.0 = Debug|Any CPU
		{2E19B825-3751-4C87-A0F7-B885E245DFB8}.Release|Any CPU.ActiveCfg = Release|Any CPU
		{2E19B825-3751-4C87-A0F7-B885E245DFB8}.Release|Any CPU.Build.0 = Release|Any CPU
	EndGlobalSection
	GlobalSection(SolutionProperties) = preSolution
		HideSolutionNode = FALSE
	EndGlobalSection
	GlobalSection(ExtensibilityGlobals) = postSolution
		SolutionGuid = {BA4A81F5-0A5E-4C36-9FAB-22A73DBCD248}
	EndGlobalSection
EndGlobal
